<?xml version="1.0" encoding="utf-8"?>
<Project ToolsVersion="4.0" xmlns="http://schemas.microsoft.com/developer/msbuild/2003">
  <ItemGroup>
    <Filter Include="Source Files">
      <UniqueIdentifier>{4FC737F1-C7A5-4376-A066-2A32D752A2FF}</UniqueIdentifier>
      <Extensions>cpp;c;cc;cxx;c++;cppm;ixx;def;odl;idl;hpj;bat;asm;asmx</Extensions>
    </Filter>
    <Filter Include="Header Files">
      <UniqueIdentifier>{93995380-89BD-4b04-88EB-625FBE52EBFB}</UniqueIdentifier>
      <Extensions>h;hh;hpp;hxx;h++;hm;inl;inc;ipp;xsd</Extensions>
    </Filter>
    <Filter Include="Resource Files">
      <UniqueIdentifier>{67DA6AB6-F800-4c08-8B7A-83BB121AAD01}</UniqueIdentifier>
      <Extensions>rc;ico;cur;bmp;dlg;rc2;rct;bin;rgs;gif;jpg;jpeg;jpe;resx;tiff;tif;png;wav;mfcribbon-ms</Extensions>
    </Filter>
    <Filter Include="Resource Files\Shaders">
      <UniqueIdentifier>{B6F63CF5-4C67-4F51-8D05-FF57EC42246D}</UniqueIdentifier>
    </Filter>
    <Filter Include="Resource Files\Textures">
      <UniqueIdentifier>{940DF1AB-A0DA-4E8D-859F-BF84F29E7348}</UniqueIdentifier>
    </Filter>
    <Filter Include="modelos">
      <UniqueIdentifier>{0503f78e-872a-44a4-a6ac-47b42ee1890c}</UniqueIdentifier>
    </Filter>
    <Filter Include="iluminacion">
      <UniqueIdentifier>{30412c42-63e0-4e9b-ba45-bff922413286}</UniqueIdentifier>
    </Filter>
    <Filter Include="Resource Files\Textures\SkyboxCubemap">
      <UniqueIdentifier>{d204bb5d-2342-40cb-928f-f6e50f74be4e}</UniqueIdentifier>
    </Filter>
  </ItemGroup>
  <ItemGroup>
    <ClCompile Include="Source Files\ColliderManager.cpp">
      <Filter>Source Files</Filter>
    </ClCompile>
    <ClCompile Include="Source Files\ColliderRenderer.cpp">
      <Filter>Source Files</Filter>
    </ClCompile>
    <ClCompile Include="Source Files\ColliderSerializer.cpp">
      <Filter>Source Files</Filter>
    </ClCompile>
    <ClCompile Include="Source Files\CollisionEditor.cpp">
      <Filter>Source Files</Filter>
    </ClCompile>
    <ClCompile Include="Source Files\CollisionSystem.cpp">
      <Filter>Source Files</Filter>
    </ClCompile>
    <ClCompile Include="Source Files\Camara.cpp">
      <Filter>Source Files</Filter>
    </ClCompile>
    <ClCompile Include="Source Files\EBO.cpp">
      <Filter>Source Files</Filter>
    </ClCompile>
    <ClCompile Include="Source Files\glad.c">
      <Filter>Source Files</Filter>
    </ClCompile>
    <ClCompile Include="Source Files\main.cpp">
      <Filter>Source Files</Filter>
    </ClCompile>
    <ClCompile Include="Source Files\shaderClass.cpp">
      <Filter>Source Files</Filter>
    </ClCompile>
    <ClCompile Include="Source Files\stb.cpp">
      <Filter>Source Files</Filter>
    </ClCompile>
    <ClCompile Include="Source Files\Texture.cpp">
      <Filter>Source Files</Filter>
    </ClCompile>
    <ClCompile Include="Source Files\VAO.cpp">
      <Filter>Source Files</Filter>
    </ClCompile>
    <ClCompile Include="Source Files\VBO.cpp">
      <Filter>Source Files</Filter>
    </ClCompile>
    <ClCompile Include="Source Files\CubemapTextureLoader.cpp">
      <Filter>Source Files</Filter>
    </ClCompile>
    <ClCompile Include="Source Files\Mesh.cpp">
      <Filter>Source Files</Filter>
    </ClCompile>
    <ClCompile Include="Source Files\Model.cpp">
      <Filter>Source Files</Filter>
    </ClCompile>
    <ClCompile Include="Source Files\Skybox.cpp">
      <Filter>Source Files</Filter>
    </ClCompile>
    <ClCompile Include="imgui\imgui.cpp">
      <Filter>Source Files</Filter>
    </ClCompile>
    <ClCompile Include="imgui\imgui_draw.cpp">
      <Filter>Source Files</Filter>
    </ClCompile>
    <ClCompile Include="imgui\imgui_impl_glfw.cpp">
      <Filter>Source Files</Filter>
    </ClCompile>
    <ClCompile Include="imgui\imgui_impl_opengl3.cpp">
      <Filter>Source Files</Filter>
    </ClCompile>
    <ClCompile Include="imgui\imgui_widgets.cpp">
      <Filter>Source Files</Filter>
    </ClCompile>
    <ClCompile Include="Source Files\Editor.cpp">
      <Filter>Source Files</Filter>
    </ClCompile>
    <ClCompile Include="Source Files\GizmoSystem.cpp">
      <Filter>Source Files</Filter>
    </ClCompile>
    <ClCompile Include="Source Files\LightEditor.cpp">
      <Filter>Source Files</Filter>
    </ClCompile>
    <ClCompile Include="Source Files\LightGizmoRenderer.cpp">
      <Filter>Source Files</Filter>
    </ClCompile>
    <ClCompile Include="Source Files\LightManager.cpp">
      <Filter>Source Files</Filter>
    </ClCompile>
    <ClCompile Include="Source Files\LightSerializer.cpp">
      <Filter>Source Files</Filter>
    </ClCompile>
    <ClCompile Include="Source Files\PickingSystem.cpp">
      <Filter>Source Files</Filter>
    </ClCompile>
    <ClCompile Include="Source Files\SceneSerializer.cpp">
      <Filter>Source Files</Filter>
    </ClCompile>
    <ClCompile Include="third_party\ImGuizmo\ImGuizmo.cpp">
      <Filter>Source Files</Filter>
    </ClCompile>
  </ItemGroup>
  <ItemGroup>
    <ClInclude Include="Header Files\ColliderManager.h">
      <Filter>Header Files</Filter>
    </ClInclude>
    <ClInclude Include="Header Files\ColliderRenderer.h">
      <Filter>Header Files</Filter>
    </ClInclude>
    <ClInclude Include="Header Files\ColliderSerializer.h">
      <Filter>Header Files</Filter>
    </ClInclude>
    <ClInclude Include="Header Files\ColliderTypes.h">
      <Filter>Header Files</Filter>
    </ClInclude>
    <ClInclude Include="Header Files\CollisionEditor.h">
      <Filter>Header Files</Filter>
    </ClInclude>
    <ClInclude Include="Header Files\CollisionSystem.h">
      <Filter>Header Files</Filter>
    </ClInclude>
    <ClInclude Include="Header Files\Camara.h">
      <Filter>Header Files</Filter>
    </ClInclude>
    <ClInclude Include="Header Files\EBO.h">
      <Filter>Header Files</Filter>
    </ClInclude>
    <ClInclude Include="Header Files\shaderClass.h">
      <Filter>Header Files</Filter>
    </ClInclude>
    <ClInclude Include="Header Files\Texture.h">
      <Filter>Header Files</Filter>
    </ClInclude>
    <ClInclude Include="Header Files\VAO.h">
      <Filter>Header Files</Filter>
    </ClInclude>
    <ClInclude Include="Header Files\VBO.h">
      <Filter>Header Files</Filter>
    </ClInclude>
    <ClInclude Include="Source Files\stb_image.h">
      <Filter>Source Files</Filter>
    </ClInclude>
    <ClInclude Include="Header Files\CubemapTextureLoader.h">
      <Filter>Header Files</Filter>
    </ClInclude>
    <ClInclude Include="Header Files\Mesh.h">
      <Filter>Header Files</Filter>
    </ClInclude>
    <ClInclude Include="Header Files\Model.h">
      <Filter>Header Files</Filter>
    </ClInclude>
    <ClInclude Include="Header Files\Skybox.h">
      <Filter>Header Files</Filter>
    </ClInclude>
    <ClInclude Include="Header Files\Vertex.h">
      <Filter>Header Files</Filter>
    </ClInclude>
    <ClInclude Include="Shader.h">
      <Filter>Header Files</Filter>
    </ClInclude>
    <ClInclude Include="imgui\imconfig.h">
      <Filter>Header Files</Filter>
    </ClInclude>
    <ClInclude Include="imgui\imgui.h">
      <Filter>Header Files</Filter>
    </ClInclude>
    <ClInclude Include="imgui\imgui_impl_glfw.h">
      <Filter>Header Files</Filter>
    </ClInclude>
    <ClInclude Include="imgui\imgui_impl_opengl3.h">
      <Filter>Header Files</Filter>
    </ClInclude>
    <ClInclude Include="imgui\imgui_internal.h">
      <Filter>Header Files</Filter>
    </ClInclude>
    <ClInclude Include="imgui\imstb_rectpack.h">
      <Filter>Header Files</Filter>
    </ClInclude>
    <ClInclude Include="imgui\imstb_textedit.h">
      <Filter>Header Files</Filter>
    </ClInclude>
    <ClInclude Include="imgui\imstb_truetype.h">
      <Filter>Header Files</Filter>
    </ClInclude>
    <ClInclude Include="Header Files\Editor.h">
      <Filter>Header Files</Filter>
    </ClInclude>
    <ClInclude Include="Header Files\EditorTypes.h">
      <Filter>Header Files</Filter>
    </ClInclude>
    <ClInclude Include="Header Files\GizmoSystem.h">
      <Filter>Header Files</Filter>
    </ClInclude>
    <ClInclude Include="Header Files\LightEditor.h">
      <Filter>Header Files</Filter>
    </ClInclude>
    <ClInclude Include="Header Files\LightGizmoRenderer.h">
      <Filter>Header Files</Filter>
    </ClInclude>
    <ClInclude Include="Header Files\LightManager.h">
      <Filter>Header Files</Filter>
    </ClInclude>
    <ClInclude Include="Header Files\LightSerializer.h">
      <Filter>Header Files</Filter>
    </ClInclude>
    <ClInclude Include="Header Files\PickingSystem.h">
      <Filter>Header Files</Filter>
    </ClInclude>
    <ClInclude Include="Header Files\SceneSerializer.h">
      <Filter>Header Files</Filter>
    </ClInclude>
    <ClInclude Include="third_party\ImGuizmo\ImGuizmo.h">
      <Filter>Header Files</Filter>
    </ClInclude>
  </ItemGroup>
  <ItemGroup>
    <None Include="colliders_overrides.json">
      <Filter>Resource Files</Filter>
    </None>
    <None Include="Shaders\collider_debug.frag">
      <Filter>Resource Files\Shaders</Filter>
    </None>
    <None Include="Shaders\collider_debug.vert">
      <Filter>Resource Files\Shaders</Filter>
    </None>
    <None Include="Shaders\default.frag">
      <Filter>Resource Files\Shaders</Filter>
    </None>
    <None Include="Shaders\default.vert">
      <Filter>Resource Files\Shaders</Filter>
    </None>
    <None Include="Shaders\light.frag">
      <Filter>Resource Files\Shaders</Filter>
    </None>
    <None Include="Shaders\light.vert">
      <Filter>Resource Files\Shaders</Filter>
    </None>
    <None Include="Shaders\post_processing.frag">
      <Filter>Resource Files\Shaders</Filter>
    </None>
    <None Include="Shaders\skybox.frag">
      <Filter>Resource Files\Shaders</Filter>
    </None>
    <None Include="Shaders\skybox.vert">
      <Filter>Resource Files\Shaders</Filter>
    </None>
    <None Include="Shaders\skybox_cubemap.frag">
      <Filter>Resource Files\Shaders</Filter>
    </None>
    <None Include="Shaders\skybox_cubemap.vert">
      <Filter>Resource Files\Shaders</Filter>
    </None>
    <None Include="assimp-vc143-mt.pdb" />
    <None Include="assimp-vc143-mtd.dll" />
    <None Include="glew32.dll" />
    <None Include="glfw3.dll" />
    <None Include="modelos\city.glb">
      <Filter>modelos</Filter>
    </None>
    <None Include="Iluminacion\lamp.frag">
      <Filter>iluminacion</Filter>
    </None>
    <None Include="Iluminacion\lamp.vs">
      <Filter>iluminacion</Filter>
    </None>
    <None Include="Iluminacion\lighting.frag">
      <Filter>iluminacion</Filter>
    </None>
    <None Include="Iluminacion\lighting.vs">
      <Filter>iluminacion</Filter>
    </None>
    <None Include="Shaders\sphere.frag">
      <Filter>Resource Files\Shaders</Filter>
    </None>
    <None Include="Shaders\sphere.vert">
      <Filter>Resource Files\Shaders</Filter>
    </None>
    <None Include="Shaders\menu.vert" />
    <None Include="Shaders\menu.frag" />
    <None Include="Shaders\editor_line.frag" />
    <None Include="Shaders\editor_line.vert" />
    <None Include="modelos\Coches\Car_1\source\Car1.gltf" />
  </ItemGroup>
  <ItemGroup>
    <Image Include="Texturas\Fonts\calibri.ttf">
      <Filter>Resource Files\Textures</Filter>
    </Image>
    <Image Include="Texturas\Skybox_Day\nx.png">
      <Filter>Resource Files</Filter>
    </Image>
    <Image Include="Texturas\Skybox_Day\ny.png">
      <Filter>Resource Files</Filter>
    </Image>
    <Image Include="Texturas\Skybox_Day\nz.png">
      <Filter>Resource Files</Filter>
    </Image>
    <Image Include="Texturas\Skybox_Day\px.png">
      <Filter>Resource Files</Filter>
    </Image>
    <Image Include="Texturas\Skybox_Day\py.png">
      <Filter>Resource Files</Filter>
    </Image>
    <Image Include="Texturas\Skybox_Day\pz.png">
      <Filter>Resource Files</Filter>
    </Image>
    <Image Include="Texturas\Skybox_Nigth\nx.png">
      <Filter>Resource Files</Filter>
    </Image>
    <Image Include="Texturas\Skybox_Nigth\ny.png">
      <Filter>Resource Files</Filter>
    </Image>
    <Image Include="Texturas\Skybox_Nigth\nz.png">
      <Filter>Resource Files</Filter>
    </Image>
    <Image Include="Texturas\Skybox_Nigth\px.png">
      <Filter>Resource Files</Filter>
    </Image>
    <Image Include="Texturas\Skybox_Nigth\py.png">
      <Filter>Resource Files</Filter>
    </Image>
    <Image Include="Texturas\Skybox_Nigth\pz.png">
      <Filter>Resource Files</Filter>
    </Image>
  </ItemGroup>
</Project>
