<?xml version="1.0" encoding="utf-8"?>
<Project ToolsVersion="4.0" xmlns="http://schemas.microsoft.com/developer/msbuild/2003">
  <ItemGroup>
    <Filter Include="Source Files">
      <UniqueIdentifier>{4FC737F1-C7A5-4376-A066-2A32D752A2FF}</UniqueIdentifier>
      <Extensions>cpp;c;cc;cxx;c++;cppm;ixx;def;odl;idl;hpj;bat;asm;asmx</Extensions>
    </Filter>
    <Filter Include="Header Files">
      <UniqueIdentifier>{93995380-89BD-4b04-88EB-625FBE52EBFB}</UniqueIdentifier>
      <Extensions>h;hh;hpp;hxx;h++;hm;inl;inc;ipp;xsd</Extensions>
    </Filter>
    <Filter Include="Resource Files">
      <UniqueIdentifier>{67DA6AB6-F800-4c08-8B7A-83BB121AAD01}</UniqueIdentifier>
      <Extensions>rc;ico;cur;bmp;dlg;rc2;rct;bin;rgs;gif;jpg;jpeg;jpe;resx;tiff;tif;png;wav;mfcribbon-ms</Extensions>
    </Filter>
    <Filter Include="modelos">
      <UniqueIdentifier>{45231dd2-9264-408e-bc69-78007032b5af}</UniqueIdentifier>
    </Filter>
    <Filter Include="Resource Files\Shader">
      <UniqueIdentifier>{21329a37-7bf1-42bc-b59a-f10d5c1e21b7}</UniqueIdentifier>
    </Filter>
  </ItemGroup>
  <ItemGroup>
    <ClInclude Include="PhysicsWorld.h">
      <Filter>Header Files</Filter>
    </ClInclude>
    <ClInclude Include="Shader.h">
      <Filter>Header Files</Filter>
    </ClInclude>
    <ClInclude Include="imgui\imconfig.h">
      <Filter>Header Files</Filter>
    </ClInclude>
    <ClInclude Include="imgui\imgui.h">
      <Filter>Header Files</Filter>
    </ClInclude>
    <ClInclude Include="imgui\imgui_internal.h">
      <Filter>Header Files</Filter>
    </ClInclude>
    <ClInclude Include="imgui\imgui_impl_glfw.h">
      <Filter>Header Files</Filter>
    </ClInclude>
    <ClInclude Include="imgui\imgui_impl_opengl3.h">
      <Filter>Header Files</Filter>
    </ClInclude>
    <ClInclude Include="miniaudio.h">
      <Filter>Header Files</Filter>
    </ClInclude>
    <ClInclude Include="Ambiente.h">
      <Filter>Header Files</Filter>
    </ClInclude>
    <ClInclude Include="Optimization.h">
      <Filter>Header Files</Filter>
    </ClInclude>
    <ClInclude Include="PlayerMovementAnimation.h">
      <Filter>Header Files</Filter>
    </ClInclude>
    <ClInclude Include="InteractionReticle.h">
      <Filter>Header Files</Filter>
    </ClInclude>
    <ClInclude Include="EnvironmentSystem.h">
      <Filter>Header Files</Filter>
    </ClInclude>
    <ClInclude Include="GameplayInput.h">
      <Filter>Header Files</Filter>
    </ClInclude>
    <ClInclude Include="EnvironmentAudio.h">
      <Filter>Header Files</Filter>
    </ClInclude>
    <ClInclude Include="WeatherOverlay.h">
      <Filter>Header Files</Filter>
    </ClInclude>
  </ItemGroup>
  <ItemGroup>
    <ClCompile Include="PhysicsWorld.cpp">
      <Filter>Source Files</Filter>
    </ClCompile>
    <ClCompile Include="main.cpp">
      <Filter>Source Files</Filter>
    </ClCompile>
    <ClCompile Include="imgui\imgui.cpp">
      <Filter>Source Files</Filter>
    </ClCompile>
    <ClCompile Include="imgui\imgui_draw.cpp">
      <Filter>Source Files</Filter>
    </ClCompile>
    <ClCompile Include="imgui\imgui_widgets.cpp">
      <Filter>Source Files</Filter>
    </ClCompile>
    <ClCompile Include="imgui\imgui_impl_glfw.cpp">
      <Filter>Source Files</Filter>
    </ClCompile>
    <ClCompile Include="imgui\imgui_impl_opengl3.cpp">
      <Filter>Source Files</Filter>
    </ClCompile>
    <ClCompile Include="Optimization.cpp">
      <Filter>Source Files</Filter>
    </ClCompile>
    <ClCompile Include="PlayerMovementAnimation.cpp">
      <Filter>Source Files</Filter>
    </ClCompile>
    <ClCompile Include="InteractionReticle.cpp">
      <Filter>Source Files</Filter>
    </ClCompile>
    <ClCompile Include="EnvironmentSystem.cpp">
      <Filter>Source Files</Filter>
    </ClCompile>
    <ClCompile Include="GameplayInput.cpp">
      <Filter>Source Files</Filter>
    </ClCompile>
    <ClCompile Include="EnvironmentAudio.cpp">
      <Filter>Source Files</Filter>
    </ClCompile>
    <ClCompile Include="WeatherOverlay.cpp">
      <Filter>Source Files</Filter>
    </ClCompile>
  </ItemGroup>
  <ItemGroup>
    <None Include="modelos\city.glb">
      <Filter>modelos</Filter>
    </None>
    <None Include="city.vert">
      <Filter>Resource Files\Shader</Filter>
    </None>
    <None Include="city.frag">
      <Filter>Resource Files\Shader</Filter>
    </None>
    <None Include="skybox.vert">
      <Filter>Resource Files\Shader</Filter>
    </None>
    <None Include="skybox.frag">
      <Filter>Resource Files\Shader</Filter>
    </None>
    <None Include=".gitignore" />
  </ItemGroup>
</Project>
